{
  "name": "noor-ai-architecture-diagram",
  "lockfileVersion": 3,
  "requires": true,
  "packages": {
    "": {
      "name": "noor-ai-architecture-diagram",
      "dependencies": {
        "@viz-js/viz": "^3.24.0"
      }
    },
    "node_modules/@viz-js/viz": {
      "version": "3.28.0",
      "resolved": "https://registry.npmjs.org/@viz-js/viz/-/viz-3.28.0.tgz",
      "integrity": "sha512-nPt+jbGHGgd7lUQLBT79/4lChIzeW44I+hFrscx18AnpNyX9vdRFVNwVbKz9eq+ACeKSm4bFQns17WhCW11eWQ==",
      "license": "MIT"
    }
  }
}
